
Microsoft Visual Studio Solution File, Format Version 12.00
# Visual Studio Version 17
VisualStudioVersion = 17.8.34511.84
MinimumVisualStudioVersion = 10.0.40219.1
Project("{FAE04EC0-301F-11D3-BF4B-00C04F79EFBC}") = "OOPCALCULATOR", "OOPCALCULATOR\OOPCALCULATOR.csproj", "{32A6E639-E31A-4DCA-B5A0-C5C25A3ACA30}"
EndProject
Global
	GlobalSection(SolutionConfigurationPlatforms) = preSolution
		Debug|Any CPU = Debug|Any CPU
		Release|Any CPU = Release|Any CPU
	EndGlobalSection
	GlobalSection(ProjectConfigurationPlatforms) = postSolution
		{32A6E639-E31A-4DCA-B5A0-C5C25A3ACA30}.Debug|Any CPU.ActiveCfg = Debug|Any CPU
		{32A6E639-E31A-4DCA-B5A0-C5C25A3ACA30}.Debug|Any CPU.Build.0 = Debug|Any CPU
		{32A6E639-E31A-4DCA-B5A0-C5C25A3ACA30}.Release|Any CPU.ActiveCfg = Release|Any CPU
		{32A6E639-E31A-4DCA-B5A0-C5C25A3ACA30}.Release|Any CPU.Build.0 = Release|Any CPU
	EndGlobalSection
	GlobalSection(SolutionProperties) = preSolution
		HideSolutionNode = FALSE
	EndGlobalSection
	GlobalSection(ExtensibilityGlobals) = postSolution
		SolutionGuid = {E93B29DD-65C8-467D-ACD4-A628B0ECF967}
	EndGlobalSection
EndGlobal
