
Microsoft Visual Studio Solution File, Format Version 12.00
# Visual Studio Version 17
VisualStudioVersion = 17.8.34511.84
MinimumVisualStudioVersion = 10.0.40219.1
Project("{FAE04EC0-301F-11D3-BF4B-00C04F79EFBC}") = "OOPPCALCULATOR", "OOPPCALCULATOR\OOPPCALCULATOR.csproj", "{5A6554A0-9AB9-46A0-A90F-12BE44CED5E9}"
EndProject
Global
	GlobalSection(SolutionConfigurationPlatforms) = preSolution
		Debug|Any CPU = Debug|Any CPU
		Release|Any CPU = Release|Any CPU
	EndGlobalSection
	GlobalSection(ProjectConfigurationPlatforms) = postSolution
		{5A6554A0-9AB9-46A0-A90F-12BE44CED5E9}.Debug|Any CPU.ActiveCfg = Debug|Any CPU
		{5A6554A0-9AB9-46A0-A90F-12BE44CED5E9}.Debug|Any CPU.Build.0 = Debug|Any CPU
		{5A6554A0-9AB9-46A0-A90F-12BE44CED5E9}.Release|Any CPU.ActiveCfg = Release|Any CPU
		{5A6554A0-9AB9-46A0-A90F-12BE44CED5E9}.Release|Any CPU.Build.0 = Release|Any CPU
	EndGlobalSection
	GlobalSection(SolutionProperties) = preSolution
		HideSolutionNode = FALSE
	EndGlobalSection
	GlobalSection(ExtensibilityGlobals) = postSolution
		SolutionGuid = {DBEB78D8-D54D-47AB-ACE1-514C45B712D9}
	EndGlobalSection
EndGlobal
