
Microsoft Visual Studio Solution File, Format Version 12.00
# Visual Studio Version 17
VisualStudioVersion = 17.8.34511.84
MinimumVisualStudioVersion = 10.0.40219.1
Project("{FAE04EC0-301F-11D3-BF4B-00C04F79EFBC}") = "TASK33", "TASK33\TASK33.csproj", "{191304E3-9061-48AF-A0B8-16914555865B}"
EndProject
Global
	GlobalSection(SolutionConfigurationPlatforms) = preSolution
		Debug|Any CPU = Debug|Any CPU
		Release|Any CPU = Release|Any CPU
	EndGlobalSection
	GlobalSection(ProjectConfigurationPlatforms) = postSolution
		{191304E3-9061-48AF-A0B8-16914555865B}.Debug|Any CPU.ActiveCfg = Debug|Any CPU
		{191304E3-9061-48AF-A0B8-16914555865B}.Debug|Any CPU.Build.0 = Debug|Any CPU
		{191304E3-9061-48AF-A0B8-16914555865B}.Release|Any CPU.ActiveCfg = Release|Any CPU
		{191304E3-9061-48AF-A0B8-16914555865B}.Release|Any CPU.Build.0 = Release|Any CPU
	EndGlobalSection
	GlobalSection(SolutionProperties) = preSolution
		HideSolutionNode = FALSE
	EndGlobalSection
	GlobalSection(ExtensibilityGlobals) = postSolution
		SolutionGuid = {7C5A6686-DC84-4DB8-B980-B615004DA15A}
	EndGlobalSection
EndGlobal
